github.com/xandalm/go-router v0.0.0-20240109214914-15022b13025b h1:W3/Ywmu2nGF+ytgGPdUp0utvNKdMCgMV8bkS6HLdags=
github.com/xandalm/go-router v0.0.0-20240109214914-15022b13025b/go.mod h1:YWRfDmLAQOMloz+hWZZmcvGp2iiK0vYY5NwfCKZpHQQ=
github.com/xandalm/go-testing v0.0.0-20240325145107-950d80986f72 h1:shMRL4lbSdQoV2jKbMvQyFU0MzY32k7O67qPNMmMK8s=
github.com/xandalm/go-testing v0.0.0-20240325145107-950d80986f72/go.mod h1:a4iGzX59CePssy/cQXcNBQBCuX8+cFTU2EF1xCuoCdA=
